# THIS IS AN AUTOGENERATED FILE. DO NOT EDIT THIS FILE DIRECTLY.
# yarn lockfile v1


"@babel/runtime@^7.8.4":
  version "7.17.2"
  resolved "https://registry.yarnpkg.com/@babel/runtime/-/runtime-7.17.2.tgz#66f68591605e59da47523c631416b18508779941"
  integrity sha512-hzeyJyMA1YGdJTuWU0e/j4wKXrU4OMFvY2MSlaI9B7VQb0r5cxTE3EAIS2Q7Tn2RIcDkRvTA/v2JsAEhxe99uw==
  dependencies:
    regenerator-runtime "^0.13.4"

"@types/acorn@^4.0.5":
  version "4.0.6"
  resolved "https://registry.yarnpkg.com/@types/acorn/-/acorn-4.0.6.tgz#d61ca5480300ac41a7d973dd5b84d0a591154a22"
  integrity sha512-veQTnWP+1D/xbxVrPC3zHnCZRjSrKfhbMUlEA43iMZLu7EsnTtkJklIuwrCPbOi8YkvDQAiW05VQQFvvz9oieQ==
  dependencies:
    "@types/estree" "*"

"@types/estree@*":
  version "0.0.51"
  resolved "https://registry.yarnpkg.com/@types/estree/-/estree-0.0.51.tgz#cfd70924a25a3fd32b218e5e420e6897e1ac4f40"
  integrity sha512-CuPgU6f3eT/XgKKPqKd/gLZV1Xmvf1a2R5POBOGQa6uv82xpls89HU5zKeVoyR8XzHd1RGNOlQlvUe3CFkjWNQ==

"@types/estree@0.0.41":
  version "0.0.41"
  resolved "https://registry.yarnpkg.com/@types/estree/-/estree-0.0.41.tgz#fd90754150b57432b72bf560530500597ff04421"
  integrity sha512-rIAmXyJlqw4KEBO7+u9gxZZSQHaCNnIzYrnNmYVpgfJhxTqO0brCX0SYpqUTkVI5mwwUwzmtspLBGBKroMeynA==

acorn@^7.1.0:
  version "7.4.1"
  resolved "https://registry.yarnpkg.com/acorn/-/acorn-7.4.1.tgz#feaed255973d2e77555b83dbc08851a6c63520fa"
  integrity sha512-nQyp0o1/mNdbTO1PO6kHkwSrmgZ0MT/jCCpNiwbUjGoRN4dlBhqJtoQuCnEOKzgTVwg0ZWiCoQy6SxMebQVh8A==

eval5@^1.4.7:
  version "1.4.7"
  resolved "https://registry.yarnpkg.com/eval5/-/eval5-1.4.7.tgz#cccc486d5e97dd68078663238fce4fe086c550c6"
  integrity sha512-GtNl5TyxeIE1VkZ8p4vgzeLkdh7UEn9qzLnSIh/aXKYiJc31i1tNGB0CZhPaXReIZIE59xTV39IsAdWY7P93UA==
  dependencies:
    "@babel/runtime" "^7.8.4"
    "@types/acorn" "^4.0.5"
    "@types/estree" "0.0.41"
    acorn "^7.1.0"

regenerator-runtime@^0.13.4:
  version "0.13.9"
  resolved "https://registry.yarnpkg.com/regenerator-runtime/-/regenerator-runtime-0.13.9.tgz#8925742a98ffd90814988d7566ad30ca3b263b52"
  integrity sha512-p3VT+cOEgxFsRRA9X4lkI1E+k2/CtnKtU4gcxyaCUreilL/vqI6CdZ3wxVUx3UOUg+gnUOQQcRI7BmSI656MYA==
